# This file is automatically @generated by Cargo.
# It is not intended for manual editing.
version = 4

[[package]]
name = "codex-notifier"
version = "0.1.0"

[[package]]
name = "codex-notifier-application"
version = "0.1.0"

[[package]]
name = "codex-notifier-codex-source"
version = "0.1.0"

[[package]]
name = "codex-notifier-config"
version = "0.1.0"

[[package]]
name = "codex-notifier-core"
version = "0.1.0"

[[package]]
name = "codex-notifier-ipc"
version = "0.1.0"

[[package]]
name = "codex-notifier-native-notification"
version = "0.1.0"

[[package]]
name = "codex-notifier-persistence"
version = "0.1.0"

[[package]]
name = "codex-notifier-ssh-transport"
version = "0.1.0"
